
Microsoft Visual Studio Solution File, Format Version 12.00
# Visual Studio 15
VisualStudioVersion = 15.0.27906.1
MinimumVisualStudioVersion = 10.0.40219.1
Project("{A07B5EB6-E848-4116-A8D0-A826331D98C6}") = "ServiceFabricMockupService", "ServiceFabricMockupService\ServiceFabricMockupService.sfproj", "{EE853DCF-A49D-418B-ADA6-9628A05B6926}"
EndProject
Project("{FAE04EC0-301F-11D3-BF4B-00C04F79EFBC}") = "ReliableStorageManagerService", "ReliableStorageManagerService\ReliableStorageManagerService.csproj", "{3ABAFA3F-A982-4330-AD87-E91256B9370B}"
EndProject
Project("{2150E333-8FDC-42A3-9474-1A3956D46DE8}") = "Service.Mockup", "Service.Mockup", "{33EF8D1A-0B36-460B-938C-622BE04BEEE2}"
EndProject
Project("{FAE04EC0-301F-11D3-BF4B-00C04F79EFBC}") = "FabricMockupService", "MockupService\FabricMockupService.csproj", "{63207E58-02C5-4270-BA51-4A8E1EC2FB84}"
EndProject
Project("{2150E333-8FDC-42A3-9474-1A3956D46DE8}") = "WcfService", "WcfService", "{DB653697-FD0F-4FEF-83E3-F098BF91D80D}"
EndProject
Project("{FAE04EC0-301F-11D3-BF4B-00C04F79EFBC}") = "WcfCommunicationBindingService", "WcfCommunicationBindingService\WcfCommunicationBindingService.csproj", "{58E03734-69D2-41AD-86AC-7C3C2194045D}"
EndProject
Project("{2150E333-8FDC-42A3-9474-1A3956D46DE8}") = "Services", "Services", "{374EA547-1F6F-4A63-8D21-C7CB4388BCD8}"
EndProject
Project("{FAE04EC0-301F-11D3-BF4B-00C04F79EFBC}") = "SharedService", "SharedService\SharedService.csproj", "{7C4D2E12-C5F2-42BC-B3EA-B5860E0955A0}"
EndProject
Project("{2150E333-8FDC-42A3-9474-1A3956D46DE8}") = "Client", "Client", "{9ED9B0A3-171B-4940-A908-D2EDC9EB0676}"
EndProject
Project("{FAE04EC0-301F-11D3-BF4B-00C04F79EFBC}") = "QueueClient", "QueueClient\QueueClient.csproj", "{71CBD465-0F8A-45DE-AEA9-B88CDC6BAB62}"
EndProject
Project("{2150E333-8FDC-42A3-9474-1A3956D46DE8}") = "Service.Test", "Service.Test", "{EE8DD85C-F7DD-493D-BA43-0DC0563FFE84}"
EndProject
Project("{FAE04EC0-301F-11D3-BF4B-00C04F79EFBC}") = "ReliableStorageManagerService.Test", "ReliableStorageManagerService.Test\ReliableStorageManagerService.Test.csproj", "{AEBAC4CB-346F-4AE7-8132-82330134AD87}"
EndProject
Project("{FAE04EC0-301F-11D3-BF4B-00C04F79EFBC}") = "WCFMock", "WCFMock\WCFMock.csproj", "{1C97CC1D-27E9-4DD0-B1D3-BE0541162ED9}"
EndProject
Global
	GlobalSection(SolutionConfigurationPlatforms) = preSolution
		Debug|Any CPU = Debug|Any CPU
		Debug|x64 = Debug|x64
		Release|Any CPU = Release|Any CPU
		Release|x64 = Release|x64
	EndGlobalSection
	GlobalSection(ProjectConfigurationPlatforms) = postSolution
		{EE853DCF-A49D-418B-ADA6-9628A05B6926}.Debug|Any CPU.ActiveCfg = Debug|x64
		{EE853DCF-A49D-418B-ADA6-9628A05B6926}.Debug|Any CPU.Build.0 = Debug|x64
		{EE853DCF-A49D-418B-ADA6-9628A05B6926}.Debug|Any CPU.Deploy.0 = Debug|x64
		{EE853DCF-A49D-418B-ADA6-9628A05B6926}.Debug|x64.ActiveCfg = Debug|x64
		{EE853DCF-A49D-418B-ADA6-9628A05B6926}.Debug|x64.Build.0 = Debug|x64
		{EE853DCF-A49D-418B-ADA6-9628A05B6926}.Debug|x64.Deploy.0 = Debug|x64
		{EE853DCF-A49D-418B-ADA6-9628A05B6926}.Release|Any CPU.ActiveCfg = Release|x64
		{EE853DCF-A49D-418B-ADA6-9628A05B6926}.Release|x64.ActiveCfg = Release|x64
		{EE853DCF-A49D-418B-ADA6-9628A05B6926}.Release|x64.Build.0 = Release|x64
		{3ABAFA3F-A982-4330-AD87-E91256B9370B}.Debug|Any CPU.ActiveCfg = Debug|x64
		{3ABAFA3F-A982-4330-AD87-E91256B9370B}.Debug|Any CPU.Build.0 = Debug|x64
		{3ABAFA3F-A982-4330-AD87-E91256B9370B}.Debug|x64.ActiveCfg = Debug|x64
		{3ABAFA3F-A982-4330-AD87-E91256B9370B}.Debug|x64.Build.0 = Debug|x64
		{3ABAFA3F-A982-4330-AD87-E91256B9370B}.Release|Any CPU.ActiveCfg = Release|x64
		{3ABAFA3F-A982-4330-AD87-E91256B9370B}.Release|x64.ActiveCfg = Release|x64
		{3ABAFA3F-A982-4330-AD87-E91256B9370B}.Release|x64.Build.0 = Release|x64
		{63207E58-02C5-4270-BA51-4A8E1EC2FB84}.Debug|Any CPU.ActiveCfg = Debug|Any CPU
		{63207E58-02C5-4270-BA51-4A8E1EC2FB84}.Debug|Any CPU.Build.0 = Debug|Any CPU
		{63207E58-02C5-4270-BA51-4A8E1EC2FB84}.Debug|x64.ActiveCfg = Debug|x64
		{63207E58-02C5-4270-BA51-4A8E1EC2FB84}.Debug|x64.Build.0 = Debug|x64
		{63207E58-02C5-4270-BA51-4A8E1EC2FB84}.Release|Any CPU.ActiveCfg = Release|Any CPU
		{63207E58-02C5-4270-BA51-4A8E1EC2FB84}.Release|Any CPU.Build.0 = Release|Any CPU
		{63207E58-02C5-4270-BA51-4A8E1EC2FB84}.Release|x64.ActiveCfg = Release|Any CPU
		{63207E58-02C5-4270-BA51-4A8E1EC2FB84}.Release|x64.Build.0 = Release|Any CPU
		{58E03734-69D2-41AD-86AC-7C3C2194045D}.Debug|Any CPU.ActiveCfg = Debug|Any CPU
		{58E03734-69D2-41AD-86AC-7C3C2194045D}.Debug|Any CPU.Build.0 = Debug|Any CPU
		{58E03734-69D2-41AD-86AC-7C3C2194045D}.Debug|x64.ActiveCfg = Debug|x64
		{58E03734-69D2-41AD-86AC-7C3C2194045D}.Debug|x64.Build.0 = Debug|x64
		{58E03734-69D2-41AD-86AC-7C3C2194045D}.Release|Any CPU.ActiveCfg = Release|Any CPU
		{58E03734-69D2-41AD-86AC-7C3C2194045D}.Release|Any CPU.Build.0 = Release|Any CPU
		{58E03734-69D2-41AD-86AC-7C3C2194045D}.Release|x64.ActiveCfg = Release|Any CPU
		{58E03734-69D2-41AD-86AC-7C3C2194045D}.Release|x64.Build.0 = Release|Any CPU
		{7C4D2E12-C5F2-42BC-B3EA-B5860E0955A0}.Debug|Any CPU.ActiveCfg = Debug|Any CPU
		{7C4D2E12-C5F2-42BC-B3EA-B5860E0955A0}.Debug|Any CPU.Build.0 = Debug|Any CPU
		{7C4D2E12-C5F2-42BC-B3EA-B5860E0955A0}.Debug|x64.ActiveCfg = Debug|x64
		{7C4D2E12-C5F2-42BC-B3EA-B5860E0955A0}.Debug|x64.Build.0 = Debug|x64
		{7C4D2E12-C5F2-42BC-B3EA-B5860E0955A0}.Release|Any CPU.ActiveCfg = Release|Any CPU
		{7C4D2E12-C5F2-42BC-B3EA-B5860E0955A0}.Release|Any CPU.Build.0 = Release|Any CPU
		{7C4D2E12-C5F2-42BC-B3EA-B5860E0955A0}.Release|x64.ActiveCfg = Release|Any CPU
		{7C4D2E12-C5F2-42BC-B3EA-B5860E0955A0}.Release|x64.Build.0 = Release|Any CPU
		{71CBD465-0F8A-45DE-AEA9-B88CDC6BAB62}.Debug|Any CPU.ActiveCfg = Debug|Any CPU
		{71CBD465-0F8A-45DE-AEA9-B88CDC6BAB62}.Debug|Any CPU.Build.0 = Debug|Any CPU
		{71CBD465-0F8A-45DE-AEA9-B88CDC6BAB62}.Debug|x64.ActiveCfg = Debug|x64
		{71CBD465-0F8A-45DE-AEA9-B88CDC6BAB62}.Debug|x64.Build.0 = Debug|x64
		{71CBD465-0F8A-45DE-AEA9-B88CDC6BAB62}.Release|Any CPU.ActiveCfg = Release|Any CPU
		{71CBD465-0F8A-45DE-AEA9-B88CDC6BAB62}.Release|Any CPU.Build.0 = Release|Any CPU
		{71CBD465-0F8A-45DE-AEA9-B88CDC6BAB62}.Release|x64.ActiveCfg = Release|Any CPU
		{71CBD465-0F8A-45DE-AEA9-B88CDC6BAB62}.Release|x64.Build.0 = Release|Any CPU
		{AEBAC4CB-346F-4AE7-8132-82330134AD87}.Debug|Any CPU.ActiveCfg = Debug|Any CPU
		{AEBAC4CB-346F-4AE7-8132-82330134AD87}.Debug|Any CPU.Build.0 = Debug|Any CPU
		{AEBAC4CB-346F-4AE7-8132-82330134AD87}.Debug|x64.ActiveCfg = Debug|x64
		{AEBAC4CB-346F-4AE7-8132-82330134AD87}.Debug|x64.Build.0 = Debug|x64
		{AEBAC4CB-346F-4AE7-8132-82330134AD87}.Release|Any CPU.ActiveCfg = Release|Any CPU
		{AEBAC4CB-346F-4AE7-8132-82330134AD87}.Release|Any CPU.Build.0 = Release|Any CPU
		{AEBAC4CB-346F-4AE7-8132-82330134AD87}.Release|x64.ActiveCfg = Release|Any CPU
		{AEBAC4CB-346F-4AE7-8132-82330134AD87}.Release|x64.Build.0 = Release|Any CPU
		{1C97CC1D-27E9-4DD0-B1D3-BE0541162ED9}.Debug|Any CPU.ActiveCfg = Debug|Any CPU
		{1C97CC1D-27E9-4DD0-B1D3-BE0541162ED9}.Debug|Any CPU.Build.0 = Debug|Any CPU
		{1C97CC1D-27E9-4DD0-B1D3-BE0541162ED9}.Debug|x64.ActiveCfg = Debug|Any CPU
		{1C97CC1D-27E9-4DD0-B1D3-BE0541162ED9}.Debug|x64.Build.0 = Debug|Any CPU
		{1C97CC1D-27E9-4DD0-B1D3-BE0541162ED9}.Release|Any CPU.ActiveCfg = Release|Any CPU
		{1C97CC1D-27E9-4DD0-B1D3-BE0541162ED9}.Release|Any CPU.Build.0 = Release|Any CPU
		{1C97CC1D-27E9-4DD0-B1D3-BE0541162ED9}.Release|x64.ActiveCfg = Release|Any CPU
		{1C97CC1D-27E9-4DD0-B1D3-BE0541162ED9}.Release|x64.Build.0 = Release|Any CPU
	EndGlobalSection
	GlobalSection(SolutionProperties) = preSolution
		HideSolutionNode = FALSE
	EndGlobalSection
	GlobalSection(NestedProjects) = preSolution
		{63207E58-02C5-4270-BA51-4A8E1EC2FB84} = {33EF8D1A-0B36-460B-938C-622BE04BEEE2}
		{58E03734-69D2-41AD-86AC-7C3C2194045D} = {DB653697-FD0F-4FEF-83E3-F098BF91D80D}
		{7C4D2E12-C5F2-42BC-B3EA-B5860E0955A0} = {374EA547-1F6F-4A63-8D21-C7CB4388BCD8}
		{71CBD465-0F8A-45DE-AEA9-B88CDC6BAB62} = {9ED9B0A3-171B-4940-A908-D2EDC9EB0676}
		{AEBAC4CB-346F-4AE7-8132-82330134AD87} = {EE8DD85C-F7DD-493D-BA43-0DC0563FFE84}
		{1C97CC1D-27E9-4DD0-B1D3-BE0541162ED9} = {EE8DD85C-F7DD-493D-BA43-0DC0563FFE84}
	EndGlobalSection
	GlobalSection(ExtensibilityGlobals) = postSolution
		SolutionGuid = {712B2D4C-24C0-40E2-B547-CA61A74821F1}
	EndGlobalSection
EndGlobal
